
Microsoft Visual Studio Solution File, Format Version 12.00
# Visual Studio 14
VisualStudioVersion = 14.0.25420.1
MinimumVisualStudioVersion = 10.0.40219.1
Project("{FAE04EC0-301F-11D3-BF4B-00C04F79EFBC}") = "BatchPlotting", "BatchPlotting\BatchPlotting.csproj", "{47A1FF1B-A62E-45F5-A685-8A62AD26410F}"
EndProject
Project("{FAE04EC0-301F-11D3-BF4B-00C04F79EFBC}") = "MultiSelectionTreeView", "..\..\MultiSelectionTreeView\MultiSelectionTreeView2_0\MultiSelectionTreeView\MultiSelectionTreeView.csproj", "{20D00BCA-1981-4A2F-815B-79F05EDF6277}"
EndProject
Project("{FAE04EC0-301F-11D3-BF4B-00C04F79EFBC}") = "AttUpdatecmd", "..\..\AttUpdatecmd\AttUpdatecmd.csproj", "{64C74304-66D2-4544-B42A-4E186D9CE0C4}"
EndProject
Global
	GlobalSection(SolutionConfigurationPlatforms) = preSolution
		Debug|Any CPU = Debug|Any CPU
		Release|Any CPU = Release|Any CPU
	EndGlobalSection
	GlobalSection(ProjectConfigurationPlatforms) = postSolution
		{47A1FF1B-A62E-45F5-A685-8A62AD26410F}.Debug|Any CPU.ActiveCfg = Debug|Any CPU
		{47A1FF1B-A62E-45F5-A685-8A62AD26410F}.Debug|Any CPU.Build.0 = Debug|Any CPU
		{47A1FF1B-A62E-45F5-A685-8A62AD26410F}.Release|Any CPU.ActiveCfg = Release|Any CPU
		{47A1FF1B-A62E-45F5-A685-8A62AD26410F}.Release|Any CPU.Build.0 = Release|Any CPU
		{20D00BCA-1981-4A2F-815B-79F05EDF6277}.Debug|Any CPU.ActiveCfg = Debug|Any CPU
		{20D00BCA-1981-4A2F-815B-79F05EDF6277}.Debug|Any CPU.Build.0 = Debug|Any CPU
		{20D00BCA-1981-4A2F-815B-79F05EDF6277}.Release|Any CPU.ActiveCfg = Release|Any CPU
		{20D00BCA-1981-4A2F-815B-79F05EDF6277}.Release|Any CPU.Build.0 = Release|Any CPU
		{64C74304-66D2-4544-B42A-4E186D9CE0C4}.Debug|Any CPU.ActiveCfg = Debug|Any CPU
		{64C74304-66D2-4544-B42A-4E186D9CE0C4}.Debug|Any CPU.Build.0 = Debug|Any CPU
		{64C74304-66D2-4544-B42A-4E186D9CE0C4}.Release|Any CPU.ActiveCfg = Release|Any CPU
		{64C74304-66D2-4544-B42A-4E186D9CE0C4}.Release|Any CPU.Build.0 = Release|Any CPU
	EndGlobalSection
	GlobalSection(SolutionProperties) = preSolution
		HideSolutionNode = FALSE
	EndGlobalSection
EndGlobal
